
Microsoft Visual Studio Solution File, Format Version 12.00
# Visual Studio Version 16
VisualStudioVersion = 16.0.29806.167
MinimumVisualStudioVersion = 10.0.40219.1
Project("{8BC9CEB8-8B4A-11D0-8D11-00A0C91BC942}") = "coroutine", "coroutine.vcxproj", "{DE6B4341-FA7D-4AFB-946A-5E3919D98FCB}"
EndProject
Global
	GlobalSection(SolutionConfigurationPlatforms) = preSolution
		Debug|x64 = Debug|x64
		Debug|x86 = Debug|x86
		Release|x64 = Release|x64
		Release|x86 = Release|x86
	EndGlobalSection
	GlobalSection(ProjectConfigurationPlatforms) = postSolution
		{DE6B4341-FA7D-4AFB-946A-5E3919D98FCB}.Debug|x64.ActiveCfg = Debug|x64
		{DE6B4341-FA7D-4AFB-946A-5E3919D98FCB}.Debug|x64.Build.0 = Debug|x64
		{DE6B4341-FA7D-4AFB-946A-5E3919D98FCB}.Debug|x86.ActiveCfg = Debug|Win32
		{DE6B4341-FA7D-4AFB-946A-5E3919D98FCB}.Debug|x86.Build.0 = Debug|Win32
		{DE6B4341-FA7D-4AFB-946A-5E3919D98FCB}.Release|x64.ActiveCfg = Release|x64
		{DE6B4341-FA7D-4AFB-946A-5E3919D98FCB}.Release|x64.Build.0 = Release|x64
		{DE6B4341-FA7D-4AFB-946A-5E3919D98FCB}.Release|x86.ActiveCfg = Release|Win32
		{DE6B4341-FA7D-4AFB-946A-5E3919D98FCB}.Release|x86.Build.0 = Release|Win32
	EndGlobalSection
	GlobalSection(SolutionProperties) = preSolution
		HideSolutionNode = FALSE
	EndGlobalSection
	GlobalSection(ExtensibilityGlobals) = postSolution
		SolutionGuid = {878F5F65-2BE6-40D4-89D5-552DF58D982E}
	EndGlobalSection
EndGlobal
